
Microsoft Visual Studio Solution File, Format Version 12.00
# Visual Studio 15
VisualStudioVersion = 15.0.26124.0
MinimumVisualStudioVersion = 15.0.26124.0
Project("{FAE04EC0-301F-11D3-BF4B-00C04F79EFBC}") = "RendaFixa.CDB", "src\RendaFixa.CDB\RendaFixa.CDB.csproj", "{90313AF4-547B-4D98-A910-20FD378ABC0E}"
EndProject
Project("{2150E333-8FDC-42A3-9474-1A3956D46DE8}") = "Tests", "Tests", "{D8B2E849-4DF3-4F1B-8D8B-B3D60A9947F6}"
EndProject
Project("{FAE04EC0-301F-11D3-BF4B-00C04F79EFBC}") = "RendaFixa.IR", "src\RendaFixa.IR\RendaFixa.IR.csproj", "{3B4D2AE6-9D81-4A83-B174-5D559443D496}"
EndProject
Project("{FAE04EC0-301F-11D3-BF4B-00C04F79EFBC}") = "RendaFixa.LCI", "src\RendaFixa.LCI\RendaFixa.LCI.csproj", "{D9C14260-FF3A-4494-B760-E43414FC62F7}"
EndProject
Project("{FAE04EC0-301F-11D3-BF4B-00C04F79EFBC}") = "RendaFixa.TD", "src\RendaFixa.TD\RendaFixa.TD.csproj", "{B7E00E7E-FF08-40A4-80C1-A11A99962126}"
EndProject
Project("{FAE04EC0-301F-11D3-BF4B-00C04F79EFBC}") = "RendaFixa.Tests", "tests\RendaFixa.Tests\RendaFixa.Tests.csproj", "{45A6D990-59D8-406D-AB48-7D9F83E9BEC2}"
EndProject
Global
	GlobalSection(SolutionConfigurationPlatforms) = preSolution
		Debug|Any CPU = Debug|Any CPU
		Debug|x64 = Debug|x64
		Debug|x86 = Debug|x86
		Release|Any CPU = Release|Any CPU
		Release|x64 = Release|x64
		Release|x86 = Release|x86
	EndGlobalSection
	GlobalSection(SolutionProperties) = preSolution
		HideSolutionNode = FALSE
	EndGlobalSection
	GlobalSection(ProjectConfigurationPlatforms) = postSolution
		{90313AF4-547B-4D98-A910-20FD378ABC0E}.Debug|Any CPU.ActiveCfg = Debug|Any CPU
		{90313AF4-547B-4D98-A910-20FD378ABC0E}.Debug|Any CPU.Build.0 = Debug|Any CPU
		{90313AF4-547B-4D98-A910-20FD378ABC0E}.Debug|x64.ActiveCfg = Debug|Any CPU
		{90313AF4-547B-4D98-A910-20FD378ABC0E}.Debug|x64.Build.0 = Debug|Any CPU
		{90313AF4-547B-4D98-A910-20FD378ABC0E}.Debug|x86.ActiveCfg = Debug|Any CPU
		{90313AF4-547B-4D98-A910-20FD378ABC0E}.Debug|x86.Build.0 = Debug|Any CPU
		{90313AF4-547B-4D98-A910-20FD378ABC0E}.Release|Any CPU.ActiveCfg = Release|Any CPU
		{90313AF4-547B-4D98-A910-20FD378ABC0E}.Release|Any CPU.Build.0 = Release|Any CPU
		{90313AF4-547B-4D98-A910-20FD378ABC0E}.Release|x64.ActiveCfg = Release|Any CPU
		{90313AF4-547B-4D98-A910-20FD378ABC0E}.Release|x64.Build.0 = Release|Any CPU
		{90313AF4-547B-4D98-A910-20FD378ABC0E}.Release|x86.ActiveCfg = Release|Any CPU
		{90313AF4-547B-4D98-A910-20FD378ABC0E}.Release|x86.Build.0 = Release|Any CPU
		{3B4D2AE6-9D81-4A83-B174-5D559443D496}.Debug|Any CPU.ActiveCfg = Debug|Any CPU
		{3B4D2AE6-9D81-4A83-B174-5D559443D496}.Debug|Any CPU.Build.0 = Debug|Any CPU
		{3B4D2AE6-9D81-4A83-B174-5D559443D496}.Debug|x64.ActiveCfg = Debug|Any CPU
		{3B4D2AE6-9D81-4A83-B174-5D559443D496}.Debug|x64.Build.0 = Debug|Any CPU
		{3B4D2AE6-9D81-4A83-B174-5D559443D496}.Debug|x86.ActiveCfg = Debug|Any CPU
		{3B4D2AE6-9D81-4A83-B174-5D559443D496}.Debug|x86.Build.0 = Debug|Any CPU
		{3B4D2AE6-9D81-4A83-B174-5D559443D496}.Release|Any CPU.ActiveCfg = Release|Any CPU
		{3B4D2AE6-9D81-4A83-B174-5D559443D496}.Release|Any CPU.Build.0 = Release|Any CPU
		{3B4D2AE6-9D81-4A83-B174-5D559443D496}.Release|x64.ActiveCfg = Release|Any CPU
		{3B4D2AE6-9D81-4A83-B174-5D559443D496}.Release|x64.Build.0 = Release|Any CPU
		{3B4D2AE6-9D81-4A83-B174-5D559443D496}.Release|x86.ActiveCfg = Release|Any CPU
		{3B4D2AE6-9D81-4A83-B174-5D559443D496}.Release|x86.Build.0 = Release|Any CPU
		{D9C14260-FF3A-4494-B760-E43414FC62F7}.Debug|Any CPU.ActiveCfg = Debug|Any CPU
		{D9C14260-FF3A-4494-B760-E43414FC62F7}.Debug|Any CPU.Build.0 = Debug|Any CPU
		{D9C14260-FF3A-4494-B760-E43414FC62F7}.Debug|x64.ActiveCfg = Debug|Any CPU
		{D9C14260-FF3A-4494-B760-E43414FC62F7}.Debug|x64.Build.0 = Debug|Any CPU
		{D9C14260-FF3A-4494-B760-E43414FC62F7}.Debug|x86.ActiveCfg = Debug|Any CPU
		{D9C14260-FF3A-4494-B760-E43414FC62F7}.Debug|x86.Build.0 = Debug|Any CPU
		{D9C14260-FF3A-4494-B760-E43414FC62F7}.Release|Any CPU.ActiveCfg = Release|Any CPU
		{D9C14260-FF3A-4494-B760-E43414FC62F7}.Release|Any CPU.Build.0 = Release|Any CPU
		{D9C14260-FF3A-4494-B760-E43414FC62F7}.Release|x64.ActiveCfg = Release|Any CPU
		{D9C14260-FF3A-4494-B760-E43414FC62F7}.Release|x64.Build.0 = Release|Any CPU
		{D9C14260-FF3A-4494-B760-E43414FC62F7}.Release|x86.ActiveCfg = Release|Any CPU
		{D9C14260-FF3A-4494-B760-E43414FC62F7}.Release|x86.Build.0 = Release|Any CPU
		{B7E00E7E-FF08-40A4-80C1-A11A99962126}.Debug|Any CPU.ActiveCfg = Debug|Any CPU
		{B7E00E7E-FF08-40A4-80C1-A11A99962126}.Debug|Any CPU.Build.0 = Debug|Any CPU
		{B7E00E7E-FF08-40A4-80C1-A11A99962126}.Debug|x64.ActiveCfg = Debug|Any CPU
		{B7E00E7E-FF08-40A4-80C1-A11A99962126}.Debug|x64.Build.0 = Debug|Any CPU
		{B7E00E7E-FF08-40A4-80C1-A11A99962126}.Debug|x86.ActiveCfg = Debug|Any CPU
		{B7E00E7E-FF08-40A4-80C1-A11A99962126}.Debug|x86.Build.0 = Debug|Any CPU
		{B7E00E7E-FF08-40A4-80C1-A11A99962126}.Release|Any CPU.ActiveCfg = Release|Any CPU
		{B7E00E7E-FF08-40A4-80C1-A11A99962126}.Release|Any CPU.Build.0 = Release|Any CPU
		{B7E00E7E-FF08-40A4-80C1-A11A99962126}.Release|x64.ActiveCfg = Release|Any CPU
		{B7E00E7E-FF08-40A4-80C1-A11A99962126}.Release|x64.Build.0 = Release|Any CPU
		{B7E00E7E-FF08-40A4-80C1-A11A99962126}.Release|x86.ActiveCfg = Release|Any CPU
		{B7E00E7E-FF08-40A4-80C1-A11A99962126}.Release|x86.Build.0 = Release|Any CPU
		{45A6D990-59D8-406D-AB48-7D9F83E9BEC2}.Debug|Any CPU.ActiveCfg = Debug|Any CPU
		{45A6D990-59D8-406D-AB48-7D9F83E9BEC2}.Debug|Any CPU.Build.0 = Debug|Any CPU
		{45A6D990-59D8-406D-AB48-7D9F83E9BEC2}.Debug|x64.ActiveCfg = Debug|Any CPU
		{45A6D990-59D8-406D-AB48-7D9F83E9BEC2}.Debug|x64.Build.0 = Debug|Any CPU
		{45A6D990-59D8-406D-AB48-7D9F83E9BEC2}.Debug|x86.ActiveCfg = Debug|Any CPU
		{45A6D990-59D8-406D-AB48-7D9F83E9BEC2}.Debug|x86.Build.0 = Debug|Any CPU
		{45A6D990-59D8-406D-AB48-7D9F83E9BEC2}.Release|Any CPU.ActiveCfg = Release|Any CPU
		{45A6D990-59D8-406D-AB48-7D9F83E9BEC2}.Release|Any CPU.Build.0 = Release|Any CPU
		{45A6D990-59D8-406D-AB48-7D9F83E9BEC2}.Release|x64.ActiveCfg = Release|Any CPU
		{45A6D990-59D8-406D-AB48-7D9F83E9BEC2}.Release|x64.Build.0 = Release|Any CPU
		{45A6D990-59D8-406D-AB48-7D9F83E9BEC2}.Release|x86.ActiveCfg = Release|Any CPU
		{45A6D990-59D8-406D-AB48-7D9F83E9BEC2}.Release|x86.Build.0 = Release|Any CPU
	EndGlobalSection
	GlobalSection(NestedProjects) = preSolution
		{45A6D990-59D8-406D-AB48-7D9F83E9BEC2} = {D8B2E849-4DF3-4F1B-8D8B-B3D60A9947F6}
	EndGlobalSection
EndGlobal
